
Microsoft Visual Studio Solution File, Format Version 12.00
# Visual Studio Version 17
VisualStudioVersion = 17.2.32616.157
MinimumVisualStudioVersion = 10.0.40219.1
Project("{9A19103F-16F7-4668-BE54-9A1E7A4F7556}") = "Mini.Console", "Mini.Console\Mini.Console.csproj", "{7852E5D8-B3EC-4E10-BC80-B11629638265}"
EndProject
Project("{9A19103F-16F7-4668-BE54-9A1E7A4F7556}") = "Mini.WinForms", "Mini.WinForms\Mini.WinForms.csproj", "{97CC2D67-BFB8-4709-B1E4-481366604635}"
EndProject
Project("{9A19103F-16F7-4668-BE54-9A1E7A4F7556}") = "Mini.Classes", "Mini.Classes\Mini.Classes.csproj", "{743E06A8-7E1C-45DE-8A30-2585A6E1C4B2}"
EndProject
Project("{D954291E-2A0B-460D-934E-DC6B0785DB48}") = "Mini.Shared", "Mini.Shared\Mini.Shared.shproj", "{D3ED200A-1F8B-4602-ADA6-7C4F213F3D79}"
EndProject
Global
	GlobalSection(SolutionConfigurationPlatforms) = preSolution
		Debug|Any CPU = Debug|Any CPU
		Release|Any CPU = Release|Any CPU
	EndGlobalSection
	GlobalSection(ProjectConfigurationPlatforms) = postSolution
		{7852E5D8-B3EC-4E10-BC80-B11629638265}.Debug|Any CPU.ActiveCfg = Debug|Any CPU
		{7852E5D8-B3EC-4E10-BC80-B11629638265}.Debug|Any CPU.Build.0 = Debug|Any CPU
		{7852E5D8-B3EC-4E10-BC80-B11629638265}.Release|Any CPU.ActiveCfg = Release|Any CPU
		{7852E5D8-B3EC-4E10-BC80-B11629638265}.Release|Any CPU.Build.0 = Release|Any CPU
		{97CC2D67-BFB8-4709-B1E4-481366604635}.Debug|Any CPU.ActiveCfg = Debug|Any CPU
		{97CC2D67-BFB8-4709-B1E4-481366604635}.Debug|Any CPU.Build.0 = Debug|Any CPU
		{97CC2D67-BFB8-4709-B1E4-481366604635}.Release|Any CPU.ActiveCfg = Release|Any CPU
		{97CC2D67-BFB8-4709-B1E4-481366604635}.Release|Any CPU.Build.0 = Release|Any CPU
		{743E06A8-7E1C-45DE-8A30-2585A6E1C4B2}.Debug|Any CPU.ActiveCfg = Debug|Any CPU
		{743E06A8-7E1C-45DE-8A30-2585A6E1C4B2}.Debug|Any CPU.Build.0 = Debug|Any CPU
		{743E06A8-7E1C-45DE-8A30-2585A6E1C4B2}.Release|Any CPU.ActiveCfg = Release|Any CPU
		{743E06A8-7E1C-45DE-8A30-2585A6E1C4B2}.Release|Any CPU.Build.0 = Release|Any CPU
	EndGlobalSection
	GlobalSection(SolutionProperties) = preSolution
		HideSolutionNode = FALSE
	EndGlobalSection
	GlobalSection(ExtensibilityGlobals) = postSolution
		SolutionGuid = {E019AC25-281C-48B1-BA16-02980D6C95CE}
	EndGlobalSection
	GlobalSection(SharedMSBuildProjectFiles) = preSolution
		Mini.Shared\Mini.Shared.projitems*{743e06a8-7e1c-45de-8a30-2585a6e1c4b2}*SharedItemsImports = 5
		Mini.Shared\Mini.Shared.projitems*{d3ed200a-1f8b-4602-ada6-7c4f213f3d79}*SharedItemsImports = 13
	EndGlobalSection
EndGlobal
